
Microsoft Visual Studio Solution File, Format Version 12.00
# Visual Studio 15
VisualStudioVersion = 15.0.28010.2048
MinimumVisualStudioVersion = 10.0.40219.1
Project("{FAE04EC0-301F-11D3-BF4B-00C04F79EFBC}") = "ZimmetTakipSistemi", "ZimmetTakipSistemi\ZimmetTakipSistemi.csproj", "{FF082F16-B430-444E-8FCA-43FC176003DE}"
EndProject
Project("{FAE04EC0-301F-11D3-BF4B-00C04F79EFBC}") = "UnitTestProject1", "UnitTestProject1\UnitTestProject1.csproj", "{FD6A9469-F50F-4A17-9BF4-463365F72AA7}"
EndProject
Global
	GlobalSection(SolutionConfigurationPlatforms) = preSolution
		Debug|Any CPU = Debug|Any CPU
		Release|Any CPU = Release|Any CPU
	EndGlobalSection
	GlobalSection(ProjectConfigurationPlatforms) = postSolution
		{FF082F16-B430-444E-8FCA-43FC176003DE}.Debug|Any CPU.ActiveCfg = Debug|Any CPU
		{FF082F16-B430-444E-8FCA-43FC176003DE}.Debug|Any CPU.Build.0 = Debug|Any CPU
		{FF082F16-B430-444E-8FCA-43FC176003DE}.Release|Any CPU.ActiveCfg = Release|Any CPU
		{FF082F16-B430-444E-8FCA-43FC176003DE}.Release|Any CPU.Build.0 = Release|Any CPU
		{FD6A9469-F50F-4A17-9BF4-463365F72AA7}.Debug|Any CPU.ActiveCfg = Debug|Any CPU
		{FD6A9469-F50F-4A17-9BF4-463365F72AA7}.Debug|Any CPU.Build.0 = Debug|Any CPU
		{FD6A9469-F50F-4A17-9BF4-463365F72AA7}.Release|Any CPU.ActiveCfg = Release|Any CPU
		{FD6A9469-F50F-4A17-9BF4-463365F72AA7}.Release|Any CPU.Build.0 = Release|Any CPU
	EndGlobalSection
	GlobalSection(SolutionProperties) = preSolution
		HideSolutionNode = FALSE
	EndGlobalSection
	GlobalSection(ExtensibilityGlobals) = postSolution
		SolutionGuid = {C165FDDF-D9B5-430E-BDE6-838D9252D168}
	EndGlobalSection
EndGlobal
